lockfileVersion: '9.0'

settings:
  autoInstallPeers: true
  excludeLinksFromLockfile: false

importers:

  .:
    dependencies:
      clipanion:
        specifier: 4.0.0-rc.3
        version: 4.0.0-rc.3(typanion@3.14.0)
    devDependencies:
      '@types/node':
        specifier: ^22.0.0
        version: 22.0.0

packages:

  '@types/node@22.0.0':
    resolution: {integrity: sha512-VT7KSYudcPOzP5Q0wfbowyNLaVR8QWUdw+088uFWwfvpY6uCWaXpqV6ieLAu9WBcnTa7H4Z5RLK8I5t2FuOcqw==}

  clipanion@4.0.0-rc.3:
    resolution: {integrity: sha512-+rJOJMt2N6Oikgtfqmo/Duvme7uz3SIedL2b6ycgCztQMiTfr3aQh2DDyLHl+QUPClKMNpSg3gDJFvNQYIcq1g==}
    peerDependencies:
      typanion: '*'

  typanion@3.14.0:
    resolution: {integrity: sha512-ZW/lVMRabETuYCd9O9ZvMhAh8GslSqaUjxmK/JLPCh6l73CvLBiuXswj/+7LdnWOgYsQ130FqLzFz5aGT4I3Ug==}

  undici-types@6.11.1:
    resolution: {integrity: sha512-mIDEX2ek50x0OlRgxryxsenE5XaQD4on5U2inY7RApK3SOJpofyw7uW2AyfMKkhAxXIceo2DeWGVGwyvng1GNQ==}

snapshots:

  '@types/node@22.0.0':
    dependencies:
      undici-types: 6.11.1

  clipanion@4.0.0-rc.3(typanion@3.14.0):
    dependencies:
      typanion: 3.14.0

  typanion@3.14.0: {}

  undici-types@6.11.1: {}
